speakeasyVersion: 1.622.1
sources:
    Dub.co API:
        sourceNamespace: dub-co-api
        sourceRevisionDigest: sha256:cbade932e56272d12cf16e4d81e7140101034a2cf7aa66d9920c228caf49efc9
        sourceBlobDigest: sha256:4401a5fda7c2a3cddd9a8e7d1baebeb7a4fe19198e485dfb85f12101d7e78134
        tags:
            - latest
            - speakeasy-sdk-regen-1742864989
            - 0.0.1
targets:
    pimms:
        source: Dub.co API
        sourceNamespace: dub-co-api
        sourceRevisionDigest: sha256:cbade932e56272d12cf16e4d81e7140101034a2cf7aa66d9920c228caf49efc9
        sourceBlobDigest: sha256:4401a5fda7c2a3cddd9a8e7d1baebeb7a4fe19198e485dfb85f12101d7e78134
        codeSamplesNamespace: dub-co-api-typescript-code-samples
        codeSamplesRevisionDigest: sha256:65b252e0b1b4ff7cd4a9721236a5c73da6ccd8bfd6309d8ef9729fd03f00a833
workflow:
    workflowVersion: 1.0.0
    speakeasyVersion: latest
    sources:
        Dub.co API:
            inputs:
                - location: https://api.pimms.io
            registry:
                location: registry.speakeasyapi.dev/pimms/pimms-ts/dub-co-api
    targets:
        pimms:
            target: typescript
            source: Dub.co API
            publish:
                npm:
                    token: $npm_token
            codeSamples:
                registry:
                    location: registry.speakeasyapi.dev/pimms/pimms-ts/dub-co-api-typescript-code-samples
                labelOverride:
                    fixedValue: Typescript (SDK)
                blocking: false
