speakeasyVersion: 1.796.4
sources:
    Dub.co API:
        sourceNamespace: dub-co-api
        sourceRevisionDigest: sha256:d779cd2746745bf48cd076001e72fce6d9e836fc520770e8d3f0ebe8c7f91f63
        sourceBlobDigest: sha256:619dd25895ecc218e02109f6390a65505a9fc022e06195a22c4d3f659f2ea67f
        tags:
            - latest
            - 0.0.1
targets:
    pimms:
        source: Dub.co API
        sourceNamespace: dub-co-api
        sourceRevisionDigest: sha256:d779cd2746745bf48cd076001e72fce6d9e836fc520770e8d3f0ebe8c7f91f63
        sourceBlobDigest: sha256:619dd25895ecc218e02109f6390a65505a9fc022e06195a22c4d3f659f2ea67f
        codeSamplesNamespace: dub-co-api-typescript-code-samples
        codeSamplesRevisionDigest: sha256:076b7004dfbf2f468e37f3c296a2203c17c0dac574c6f200a62700814780e62e
workflow:
    workflowVersion: 1.0.0
    speakeasyVersion: latest
    sources:
        Dub.co API:
            inputs:
                - location: https://api.pimms.io
            registry:
                location: registry.speakeasyapi.dev/pimms/pimms-ts/dub-co-api
    targets:
        pimms:
            target: typescript
            source: Dub.co API
            publish:
                npm:
                    token: $npm_token
            codeSamples:
                registry:
                    location: registry.speakeasyapi.dev/pimms/pimms-ts/dub-co-api-typescript-code-samples
                labelOverride:
                    fixedValue: Typescript (SDK)
                blocking: false
